# THIS IS AN AUTOGENERATED FILE. DO NOT EDIT THIS FILE DIRECTLY.
# yarn lockfile v1


"@types/animejs@^2.0.0":
  version "2.0.0"
  resolved "https://registry.yarnpkg.com/@types/animejs/-/animejs-2.0.0.tgz#9163f06aba47595b99951d5560c10e78223f0e20"

animejs@^2.2.0:
  version "2.2.0"
  resolved "https://registry.yarnpkg.com/animejs/-/animejs-2.2.0.tgz#35eefdfc535b81949c9cb06f0b3e60c02e6fdc80"

bobril@^8.4.1:
  version "8.4.1"
  resolved "https://registry.yarnpkg.com/bobril/-/bobril-8.4.1.tgz#6690b27f1c9876fdaeb510e66e6eb98c8c9dcc0b"
